
Microsoft Visual Studio Solution File, Format Version 12.00
# Visual Studio Version 17
VisualStudioVersion = 17.4.33213.308
MinimumVisualStudioVersion = 10.0.40219.1
Project("{FAE04EC0-301F-11D3-BF4B-00C04F79EFBC}") = "CentralDeFinancas.Presentation.Mvc", "CentralDeFinancas.Presentation.Mvc\CentralDeFinancas.Presentation.Mvc.csproj", "{354156D6-1E08-4D8D-82EE-916137D2A4DE}"
EndProject
Global
	GlobalSection(SolutionConfigurationPlatforms) = preSolution
		Debug|Any CPU = Debug|Any CPU
		Release|Any CPU = Release|Any CPU
	EndGlobalSection
	GlobalSection(ProjectConfigurationPlatforms) = postSolution
		{354156D6-1E08-4D8D-82EE-916137D2A4DE}.Debug|Any CPU.ActiveCfg = Debug|Any CPU
		{354156D6-1E08-4D8D-82EE-916137D2A4DE}.Debug|Any CPU.Build.0 = Debug|Any CPU
		{354156D6-1E08-4D8D-82EE-916137D2A4DE}.Release|Any CPU.ActiveCfg = Release|Any CPU
		{354156D6-1E08-4D8D-82EE-916137D2A4DE}.Release|Any CPU.Build.0 = Release|Any CPU
	EndGlobalSection
	GlobalSection(SolutionProperties) = preSolution
		HideSolutionNode = FALSE
	EndGlobalSection
	GlobalSection(ExtensibilityGlobals) = postSolution
		SolutionGuid = {AC12E702-01DD-4DF8-9347-7B859A5E9879}
	EndGlobalSection
EndGlobal
